// !$*UTF8*$!
{
	archiveVersion = 1;
	classes = {
	};
	objectVersion = 56;
	objects = {

/* Begin PBXBuildFile section */
		EE1B94B329214F22001F699E /* TSMBApp.swift in Sources */ = {isa = PBXBuildFile; fileRef = EE1B94B229214F22001F699E /* TSMBApp.swift */; };
		EE1B94B529214F22001F699E /* ContentView.swift in Sources */ = {isa = PBXBuildFile; fileRef = EE1B94B429214F22001F699E /* ContentView.swift */; };
		EE1B94B729214F23001F699E /* Assets.xcassets in Resources */ = {isa = PBXBuildFile; fileRef = EE1B94B629214F23001F699E /* Assets.xcassets */; };
		EE1B94BA29214F23001F699E /* Preview Assets.xcassets in Resources */ = {isa = PBXBuildFile; fileRef = EE1B94B929214F23001F699E /* Preview Assets.xcassets */; };
		EE1B94C429214F23001F699E /* TSMBTests.swift in Sources */ = {isa = PBXBuildFile; fileRef = EE1B94C329214F23001F699E /* TSMBTests.swift */; };
		EE1B94CE29214F23001F699E /* TSMBUITests.swift in Sources */ = {isa = PBXBuildFile; fileRef = EE1B94CD29214F23001F699E /* TSMBUITests.swift */; };
		EE1B94D029214F23001F699E /* TSMBUITestsLaunchTests.swift in Sources */ = {isa = PBXBuildFile; fileRef = EE1B94CF29214F23001F699E /* TSMBUITestsLaunchTests.swift */; };
/* End PBXBuildFile section */

/* Begin PBXContainerItemProxy section */
		EE1B94C029214F23001F699E /* PBXContainerItemProxy */ = {
			isa = PBXContainerItemProxy;
			containerPortal = EE1B94A729214F22001F699E /* Project object */;
			proxyType = 1;
			remoteGlobalIDString = EE1B94AE29214F22001F699E;
			remoteInfo = TSMB;
		};
		EE1B94CA29214F23001F699E /* PBXContainerItemProxy */ = {
			isa = PBXContainerItemProxy;
			containerPortal = EE1B94A729214F22001F699E /* Project object */;
			proxyType = 1;
			remoteGlobalIDString = EE1B94AE29214F22001F699E;
			remoteInfo = TSMB;
		};
/* End PBXContainerItemProxy section */

/* Begin PBXFileReference section */
		EE1B94AF29214F22001F699E /* TSMB.app */ = {isa = PBXFileReference; explicitFileType = wrapper.application; includeInIndex = 0; path = TSMB.app; sourceTree = BUILT_PRODUCTS_DIR; };
		EE1B94B229214F22001F699E /* TSMBApp.swift */ = {isa = PBXFileReference; lastKnownFileType = sourcecode.swift; path = TSMBApp.swift; sourceTree = "<group>"; };
		EE1B94B429214F22001F699E /* ContentView.swift */ = {isa = PBXFileReference; lastKnownFileType = sourcecode.swift; path = ContentView.swift; sourceTree = "<group>"; };
		EE1B94B629214F23001F699E /* Assets.xcassets */ = {isa = PBXFileReference; lastKnownFileType = folder.assetcatalog; path = Assets.xcassets; sourceTree = "<group>"; };
		EE1B94B929214F23001F699E /* Preview Assets.xcassets */ = {isa = PBXFileReference; lastKnownFileType = folder.assetcatalog; path = "Preview Assets.xcassets"; sourceTree = "<group>"; };
		EE1B94BF29214F23001F699E /* TSMBTests.xctest */ = {isa = PBXFileReference; explicitFileType = wrapper.cfbundle; includeInIndex = 0; path = TSMBTests.xctest; sourceTree = BUILT_PRODUCTS_DIR; };
		EE1B94C329214F23001F699E /* TSMBTests.swift */ = {isa = PBXFileReference; lastKnownFileType = sourcecode.swift; path = TSMBTests.swift; sourceTree = "<group>"; };
		EE1B94C929214F23001F699E /* TSMBUITests.xctest */ = {isa = PBXFileReference; explicitFileType = wrapper.cfbundle; includeInIndex = 0; path = TSMBUITests.xctest; sourceTree = BUILT_PRODUCTS_DIR; };
		EE1B94CD29214F23001F699E /* TSMBUITests.swift */ = {isa = PBXFileReference; lastKnownFileType = sourcecode.swift; path = TSMBUITests.swift; sourceTree = "<group>"; };
		EE1B94CF29214F23001F699E /* TSMBUITestsLaunchTests.swift */ = {isa = PBXFileReference; lastKnownFileType = sourcecode.swift; path = TSMBUITestsLaunchTests.swift; sourceTree = "<group>"; };
/* End PBXFileReference section */

/* Begin PBXFrameworksBuildPhase section */
		EE1B94AC29214F22001F699E /* Frameworks */ = {
			isa = PBXFrameworksBuildPhase;
			buildActionMask = 2147483647;
			files = (
			);
			runOnlyForDeploymentPostprocessing = 0;
		};
		EE1B94BC29214F23001F699E /* Frameworks */ = {
			isa = PBXFrameworksBuildPhase;
			buildActionMask = 2147483647;
			files = (
			);
			runOnlyForDeploymentPostprocessing = 0;
		};
		EE1B94C629214F23001F699E /* Frameworks */ = {
			isa = PBXFrameworksBuildPhase;
			buildActionMask = 2147483647;
			files = (
			);
			runOnlyForDeploymentPostprocessing = 0;
		};
/* End PBXFrameworksBuildPhase section */

/* Begin PBXGroup section */
		EE1B94A629214F21001F699E = {
			isa = PBXGroup;
			children = (
				EE1B94B129214F22001F699E /* TSMB */,
				EE1B94C229214F23001F699E /* TSMBTests */,
				EE1B94CC29214F23001F699E /* TSMBUITests */,
				EE1B94B029214F22001F699E /* Products */,
			);
			sourceTree = "<group>";
		};
		EE1B94B029214F22001F699E /* Products */ = {
			isa = PBXGroup;
			children = (
				EE1B94AF29214F22001F699E /* TSMB.app */,
				EE1B94BF29214F23001F699E /* TSMBTests.xctest */,
				EE1B94C929214F23001F699E /* TSMBUITests.xctest */,
			);
			name = Products;
			sourceTree = "<group>";
		};
		EE1B94B129214F22001F699E /* TSMB */ = {
			isa = PBXGroup;
			children = (
				EE1B94B229214F22001F699E /* TSMBApp.swift */,
				EE1B94B429214F22001F699E /* ContentView.swift */,
				EE1B94B629214F23001F699E /* Assets.xcassets */,
				EE1B94B829214F23001F699E /* Preview Content */,
			);
			path = TSMB;
			sourceTree = "<group>";
		};
		EE1B94B829214F23001F699E /* Preview Content */ = {
			isa = PBXGroup;
			children = (
				EE1B94B929214F23001F699E /* Preview Assets.xcassets */,
			);
			path = "Preview Content";
			sourceTree = "<group>";
		};
		EE1B94C229214F23001F699E /* TSMBTests */ = {
			isa = PBXGroup;
			children = (
				EE1B94C329214F23001F699E /* TSMBTests.swift */,
			);
			path = TSMBTests;
			sourceTree = "<group>";
		};
		EE1B94CC29214F23001F699E /* TSMBUITests */ = {
			isa = PBXGroup;
			children = (
				EE1B94CD29214F23001F699E /* TSMBUITests.swift */,
				EE1B94CF29214F23001F699E /* TSMBUITestsLaunchTests.swift */,
			);
			path = TSMBUITests;
			sourceTree = "<group>";
		};
/* End PBXGroup section */

/* Begin PBXNativeTarget section */
		EE1B94AE29214F22001F699E /* TSMB */ = {
			isa = PBXNativeTarget;
			buildConfigurationList = EE1B94D329214F23001F699E /* Build configuration list for PBXNativeTarget "TSMB" */;
			buildPhases = (
				EE1B94AB29214F22001F699E /* Sources */,
				EE1B94AC29214F22001F699E /* Frameworks */,
				EE1B94AD29214F22001F699E /* Resources */,
			);
			buildRules = (
			);
			dependencies = (
			);
			name = TSMB;
			productName = TSMB;
			productReference = EE1B94AF29214F22001F699E /* TSMB.app */;
			productType = "com.apple.product-type.application";
		};
		EE1B94BE29214F23001F699E /* TSMBTests */ = {
			isa = PBXNativeTarget;
			buildConfigurationList = EE1B94D629214F23001F699E /* Build configuration list for PBXNativeTarget "TSMBTests" */;
			buildPhases = (
				EE1B94BB29214F23001F699E /* Sources */,
				EE1B94BC29214F23001F699E /* Frameworks */,
				EE1B94BD29214F23001F699E /* Resources */,
			);
			buildRules = (
			);
			dependencies = (
				EE1B94C129214F23001F699E /* PBXTargetDependency */,
			);
			name = TSMBTests;
			productName = TSMBTests;
			productReference = EE1B94BF29214F23001F699E /* TSMBTests.xctest */;
			productType = "com.apple.product-type.bundle.unit-test";
		};
		EE1B94C829214F23001F699E /* TSMBUITests */ = {
			isa = PBXNativeTarget;
			buildConfigurationList = EE1B94D929214F23001F699E /* Build configuration list for PBXNativeTarget "TSMBUITests" */;
			buildPhases = (
				EE1B94C529214F23001F699E /* Sources */,
				EE1B94C629214F23001F699E /* Frameworks */,
				EE1B94C729214F23001F699E /* Resources */,
			);
			buildRules = (
			);
			dependencies = (
				EE1B94CB29214F23001F699E /* PBXTargetDependency */,
			);
			name = TSMBUITests;
			productName = TSMBUITests;
			productReference = EE1B94C929214F23001F699E /* TSMBUITests.xctest */;
			productType = "com.apple.product-type.bundle.ui-testing";
		};
/* End PBXNativeTarget section */

/* Begin PBXProject section */
		EE1B94A729214F22001F699E /* Project object */ = {
			isa = PBXProject;
			attributes = {
				BuildIndependentTargetsInParallel = 1;
				LastSwiftUpdateCheck = 1410;
				LastUpgradeCheck = 1410;
				TargetAttributes = {
					EE1B94AE29214F22001F699E = {
						CreatedOnToolsVersion = 14.1;
					};
					EE1B94BE29214F23001F699E = {
						CreatedOnToolsVersion = 14.1;
						TestTargetID = EE1B94AE29214F22001F699E;
					};
					EE1B94C829214F23001F699E = {
						CreatedOnToolsVersion = 14.1;
						TestTargetID = EE1B94AE29214F22001F699E;
					};
				};
			};
			buildConfigurationList = EE1B94AA29214F22001F699E /* Build configuration list for PBXProject "TSMB" */;
			compatibilityVersion = "Xcode 14.0";
			developmentRegion = en;
			hasScannedForEncodings = 0;
			knownRegions = (
				en,
				Base,
			);
			mainGroup = EE1B94A629214F21001F699E;
			productRefGroup = EE1B94B029214F22001F699E /* Products */;
			projectDirPath = "";
			projectRoot = "";
			targets = (
				EE1B94AE29214F22001F699E /* TSMB */,
				EE1B94BE29214F23001F699E /* TSMBTests */,
				EE1B94C829214F23001F699E /* TSMBUITests */,
			);
		};
/* End PBXProject section */

/* Begin PBXResourcesBuildPhase section */
		EE1B94AD29214F22001F699E /* Resources */ = {
			isa = PBXResourcesBuildPhase;
			buildActionMask = 2147483647;
			files = (
				EE1B94BA29214F23001F699E /* Preview Assets.xcassets in Resources */,
				EE1B94B729214F23001F699E /* Assets.xcassets in Resources */,
			);
			runOnlyForDeploymentPostprocessing = 0;
		};
		EE1B94BD29214F23001F699E /* Resources */ = {
			isa = PBXResourcesBuildPhase;
			buildActionMask = 2147483647;
			files = (
			);
			runOnlyForDeploymentPostprocessing = 0;
		};
		EE1B94C729214F23001F699E /* Resources */ = {
			isa = PBXResourcesBuildPhase;
			buildActionMask = 2147483647;
			files = (
			);
			runOnlyForDeploymentPostprocessing = 0;
		};
/* End PBXResourcesBuildPhase section */

/* Begin PBXSourcesBuildPhase section */
		EE1B94AB29214F22001F699E /* Sources */ = {
			isa = PBXSourcesBuildPhase;
			buildActionMask = 2147483647;
			files = (
				EE1B94B529214F22001F699E /* ContentView.swift in Sources */,
				EE1B94B329214F22001F699E /* TSMBApp.swift in Sources */,
			);
			runOnlyForDeploymentPostprocessing = 0;
		};
		EE1B94BB29214F23001F699E /* Sources */ = {
			isa = PBXSourcesBuildPhase;
			buildActionMask = 2147483647;
			files = (
				EE1B94C429214F23001F699E /* TSMBTests.swift in Sources */,
			);
			runOnlyForDeploymentPostprocessing = 0;
		};
		EE1B94C529214F23001F699E /* Sources */ = {
			isa = PBXSourcesBuildPhase;
			buildActionMask = 2147483647;
			files = (
				EE1B94D029214F23001F699E /* TSMBUITestsLaunchTests.swift in Sources */,
				EE1B94CE29214F23001F699E /* TSMBUITests.swift in Sources */,
			);
			runOnlyForDeploymentPostprocessing = 0;
		};
/* End PBXSourcesBuildPhase section */

/* Begin PBXTargetDependency section */
		EE1B94C129214F23001F699E /* PBXTargetDependency */ = {
			isa = PBXTargetDependency;
			target = EE1B94AE29214F22001F699E /* TSMB */;
			targetProxy = EE1B94C029214F23001F699E /* PBXContainerItemProxy */;
		};
		EE1B94CB29214F23001F699E /* PBXTargetDependency */ = {
			isa = PBXTargetDependency;
			target = EE1B94AE29214F22001F699E /* TSMB */;
			targetProxy = EE1B94CA29214F23001F699E /* PBXContainerItemProxy */;
		};
/* End PBXTargetDependency section */

/* Begin XCBuildConfiguration section */
		EE1B94D129214F23001F699E /* Debug */ = {
			isa = XCBuildConfiguration;
			buildSettings = {
				ALWAYS_SEARCH_USER_PATHS = NO;
				CLANG_ANALYZER_NONNULL = YES;
				CLANG_ANALYZER_NUMBER_OBJECT_CONVERSION = YES_AGGRESSIVE;
				CLANG_CXX_LANGUAGE_STANDARD = "gnu++20";
				CLANG_ENABLE_MODULES = YES;
				CLANG_ENABLE_OBJC_ARC = YES;
				CLANG_ENABLE_OBJC_WEAK = YES;
				CLANG_WARN_BLOCK_CAPTURE_AUTORELEASING = YES;
				CLANG_WARN_BOOL_CONVERSION = YES;
				CLANG_WARN_COMMA = YES;
				CLANG_WARN_CONSTANT_CONVERSION = YES;
				CLANG_WARN_DEPRECATED_OBJC_IMPLEMENTATIONS = YES;
				CLANG_WARN_DIRECT_OBJC_ISA_USAGE = YES_ERROR;
				CLANG_WARN_DOCUMENTATION_COMMENTS = YES;
				CLANG_WARN_EMPTY_BODY = YES;
				CLANG_WARN_ENUM_CONVERSION = YES;
				CLANG_WARN_INFINITE_RECURSION = YES;
				CLANG_WARN_INT_CONVERSION = YES;
				CLANG_WARN_NON_LITERAL_NULL_CONVERSION = YES;
				CLANG_WARN_OBJC_IMPLICIT_RETAIN_SELF = YES;
				CLANG_WARN_OBJC_LITERAL_CONVERSION = YES;
				CLANG_WARN_OBJC_ROOT_CLASS = YES_ERROR;
				CLANG_WARN_QUOTED_INCLUDE_IN_FRAMEWORK_HEADER = YES;
				CLANG_WARN_RANGE_LOOP_ANALYSIS = YES;
				CLANG_WARN_STRICT_PROTOTYPES = YES;
				CLANG_WARN_SUSPICIOUS_MOVE = YES;
				CLANG_WARN_UNGUARDED_AVAILABILITY = YES_AGGRESSIVE;
				CLANG_WARN_UNREACHABLE_CODE = YES;
				CLANG_WARN__DUPLICATE_METHOD_MATCH = YES;
				COPY_PHASE_STRIP = NO;
				DEBUG_INFORMATION_FORMAT = dwarf;
				ENABLE_STRICT_OBJC_MSGSEND = YES;
				ENABLE_TESTABILITY = YES;
				GCC_C_LANGUAGE_STANDARD = gnu11;
				GCC_DYNAMIC_NO_PIC = NO;
				GCC_NO_COMMON_BLOCKS = YES;
				GCC_OPTIMIZATION_LEVEL = 0;
				GCC_PREPROCESSOR_DEFINITIONS = (
					"DEBUG=1",
					"$(inherited)",
				);
				GCC_WARN_64_TO_32_BIT_CONVERSION = YES;
				GCC_WARN_ABOUT_RETURN_TYPE = YES_ERROR;
				GCC_WARN_UNDECLARED_SELECTOR = YES;
				GCC_WARN_UNINITIALIZED_AUTOS = YES_AGGRESSIVE;
				GCC_WARN_UNUSED_FUNCTION = YES;
				GCC_WARN_UNUSED_VARIABLE = YES;
				IPHONEOS_DEPLOYMENT_TARGET = 16.1;
				MTL_ENABLE_DEBUG_INFO = INCLUDE_SOURCE;
				MTL_FAST_MATH = YES;
				ONLY_ACTIVE_ARCH = YES;
				SDKROOT = iphoneos;
				SWIFT_ACTIVE_COMPILATION_CONDITIONS = DEBUG;
				SWIFT_OPTIMIZATION_LEVEL = "-Onone";
			};
			name = Debug;
		};
		EE1B94D229214F23001F699E /* Release */ = {
			isa = XCBuildConfiguration;
			buildSettings = {
				ALWAYS_SEARCH_USER_PATHS = NO;
				CLANG_ANALYZER_NONNULL = YES;
				CLANG_ANALYZER_NUMBER_OBJECT_CONVERSION = YES_AGGRESSIVE;
				CLANG_CXX_LANGUAGE_STANDARD = "gnu++20";
				CLANG_ENABLE_MODULES = YES;
				CLANG_ENABLE_OBJC_ARC = YES;
				CLANG_ENABLE_OBJC_WEAK = YES;
				CLANG_WARN_BLOCK_CAPTURE_AUTORELEASING = YES;
				CLANG_WARN_BOOL_CONVERSION = YES;
				CLANG_WARN_COMMA = YES;
				CLANG_WARN_CONSTANT_CONVERSION = YES;
				CLANG_WARN_DEPRECATED_OBJC_IMPLEMENTATIONS = YES;
				CLANG_WARN_DIRECT_OBJC_ISA_USAGE = YES_ERROR;
				CLANG_WARN_DOCUMENTATION_COMMENTS = YES;
				CLANG_WARN_EMPTY_BODY = YES;
				CLANG_WARN_ENUM_CONVERSION = YES;
				CLANG_WARN_INFINITE_RECURSION = YES;
				CLANG_WARN_INT_CONVERSION = YES;
				CLANG_WARN_NON_LITERAL_NULL_CONVERSION = YES;
				CLANG_WARN_OBJC_IMPLICIT_RETAIN_SELF = YES;
				CLANG_WARN_OBJC_LITERAL_CONVERSION = YES;
				CLANG_WARN_OBJC_ROOT_CLASS = YES_ERROR;
				CLANG_WARN_QUOTED_INCLUDE_IN_FRAMEWORK_HEADER = YES;
				CLANG_WARN_RANGE_LOOP_ANALYSIS = YES;
				CLANG_WARN_STRICT_PROTOTYPES = YES;
				CLANG_WARN_SUSPICIOUS_MOVE = YES;
				CLANG_WARN_UNGUARDED_AVAILABILITY = YES_AGGRESSIVE;
				CLANG_WARN_UNREACHABLE_CODE = YES;
				CLANG_WARN__DUPLICATE_METHOD_MATCH = YES;
				COPY_PHASE_STRIP = NO;
				DEBUG_INFORMATION_FORMAT = "dwarf-with-dsym";
				ENABLE_NS_ASSERTIONS = NO;
				ENABLE_STRICT_OBJC_MSGSEND = YES;
				GCC_C_LANGUAGE_STANDARD = gnu11;
				GCC_NO_COMMON_BLOCKS = YES;
				GCC_WARN_64_TO_32_BIT_CONVERSION = YES;
				GCC_WARN_ABOUT_RETURN_TYPE = YES_ERROR;
				GCC_WARN_UNDECLARED_SELECTOR = YES;
				GCC_WARN_UNINITIALIZED_AUTOS = YES_AGGRESSIVE;
				GCC_WARN_UNUSED_FUNCTION = YES;
				GCC_WARN_UNUSED_VARIABLE = YES;
				IPHONEOS_DEPLOYMENT_TARGET = 16.1;
				MTL_ENABLE_DEBUG_INFO = NO;
				MTL_FAST_MATH = YES;
				SDKROOT = iphoneos;
				SWIFT_COMPILATION_MODE = wholemodule;
				SWIFT_OPTIMIZATION_LEVEL = "-O";
				VALIDATE_PRODUCT = YES;
			};
			name = Release;
		};
		EE1B94D429214F23001F699E /* Debug */ = {
			isa = XCBuildConfiguration;
			buildSettings = {
				ASSETCATALOG_COMPILER_APPICON_NAME = AppIcon;
				ASSETCATALOG_COMPILER_GLOBAL_ACCENT_COLOR_NAME = AccentColor;
				CODE_SIGN_STYLE = Automatic;
				CURRENT_PROJECT_VERSION = 1;
				DEVELOPMENT_ASSET_PATHS = "\"TSMB/Preview Content\"";
				ENABLE_PREVIEWS = YES;
				GENERATE_INFOPLIST_FILE = YES;
				INFOPLIST_KEY_UIApplicationSceneManifest_Generation = YES;
				INFOPLIST_KEY_UIApplicationSupportsIndirectInputEvents = YES;
				INFOPLIST_KEY_UILaunchScreen_Generation = YES;
				INFOPLIST_KEY_UISupportedInterfaceOrientations_iPad = "UIInterfaceOrientationPortrait UIInterfaceOrientationPortraitUpsideDown UIInterfaceOrientationLandscapeLeft UIInterfaceOrientationLandscapeRight";
				INFOPLIST_KEY_UISupportedInterfaceOrientations_iPhone = "UIInterfaceOrientationPortrait UIInterfaceOrientationLandscapeLeft UIInterfaceOrientationLandscapeRight";
				LD_RUNPATH_SEARCH_PATHS = (
					"$(inherited)",
					"@executable_path/Frameworks",
				);
				MARKETING_VERSION = 1.0;
				PRODUCT_BUNDLE_IDENTIFIER = com.xetoz.yourserver.TSMB;
				PRODUCT_NAME = "$(TARGET_NAME)";
				SWIFT_EMIT_LOC_STRINGS = YES;
				SWIFT_VERSION = 5.0;
				TARGETED_DEVICE_FAMILY = "1,2";
			};
			name = Debug;
		};
		EE1B94D529214F23001F699E /* Release */ = {
			isa = XCBuildConfiguration;
			buildSettings = {
				ASSETCATALOG_COMPILER_APPICON_NAME = AppIcon;
				ASSETCATALOG_COMPILER_GLOBAL_ACCENT_COLOR_NAME = AccentColor;
				CODE_SIGN_STYLE = Automatic;
				CURRENT_PROJECT_VERSION = 1;
				DEVELOPMENT_ASSET_PATHS = "\"TSMB/Preview Content\"";
				ENABLE_PREVIEWS = YES;
				GENERATE_INFOPLIST_FILE = YES;
				INFOPLIST_KEY_UIApplicationSceneManifest_Generation = YES;
				INFOPLIST_KEY_UIApplicationSupportsIndirectInputEvents = YES;
				INFOPLIST_KEY_UILaunchScreen_Generation = YES;
				INFOPLIST_KEY_UISupportedInterfaceOrientations_iPad = "UIInterfaceOrientationPortrait UIInterfaceOrientationPortraitUpsideDown UIInterfaceOrientationLandscapeLeft UIInterfaceOrientationLandscapeRight";
				INFOPLIST_KEY_UISupportedInterfaceOrientations_iPhone = "UIInterfaceOrientationPortrait UIInterfaceOrientationLandscapeLeft UIInterfaceOrientationLandscapeRight";
				LD_RUNPATH_SEARCH_PATHS = (
					"$(inherited)",
					"@executable_path/Frameworks",
				);
				MARKETING_VERSION = 1.0;
				PRODUCT_BUNDLE_IDENTIFIER = com.xetoz.yourserver.TSMB;
				PRODUCT_NAME = "$(TARGET_NAME)";
				SWIFT_EMIT_LOC_STRINGS = YES;
				SWIFT_VERSION = 5.0;
				TARGETED_DEVICE_FAMILY = "1,2";
			};
			name = Release;
		};
		EE1B94D729214F23001F699E /* Debug */ = {
			isa = XCBuildConfiguration;
			buildSettings = {
				ALWAYS_EMBED_SWIFT_STANDARD_LIBRARIES = YES;
				BUNDLE_LOADER = "$(TEST_HOST)";
				CODE_SIGN_STYLE = Automatic;
				CURRENT_PROJECT_VERSION = 1;
				GENERATE_INFOPLIST_FILE = YES;
				IPHONEOS_DEPLOYMENT_TARGET = 16.1;
				MARKETING_VERSION = 1.0;
				PRODUCT_BUNDLE_IDENTIFIER = com.xetoz.yourserver.TSMBTests;
				PRODUCT_NAME = "$(TARGET_NAME)";
				SWIFT_EMIT_LOC_STRINGS = NO;
				SWIFT_VERSION = 5.0;
				TARGETED_DEVICE_FAMILY = "1,2";
				TEST_HOST = "$(BUILT_PRODUCTS_DIR)/TSMB.app/$(BUNDLE_EXECUTABLE_FOLDER_PATH)/TSMB";
			};
			name = Debug;
		};
		EE1B94D829214F23001F699E /* Release */ = {
			isa = XCBuildConfiguration;
			buildSettings = {
				ALWAYS_EMBED_SWIFT_STANDARD_LIBRARIES = YES;
				BUNDLE_LOADER = "$(TEST_HOST)";
				CODE_SIGN_STYLE = Automatic;
				CURRENT_PROJECT_VERSION = 1;
				GENERATE_INFOPLIST_FILE = YES;
				IPHONEOS_DEPLOYMENT_TARGET = 16.1;
				MARKETING_VERSION = 1.0;
				PRODUCT_BUNDLE_IDENTIFIER = com.xetoz.yourserver.TSMBTests;
				PRODUCT_NAME = "$(TARGET_NAME)";
				SWIFT_EMIT_LOC_STRINGS = NO;
				SWIFT_VERSION = 5.0;
				TARGETED_DEVICE_FAMILY = "1,2";
				TEST_HOST = "$(BUILT_PRODUCTS_DIR)/TSMB.app/$(BUNDLE_EXECUTABLE_FOLDER_PATH)/TSMB";
			};
			name = Release;
		};
		EE1B94DA29214F23001F699E /* Debug */ = {
			isa = XCBuildConfiguration;
			buildSettings = {
				ALWAYS_EMBED_SWIFT_STANDARD_LIBRARIES = YES;
				CODE_SIGN_STYLE = Automatic;
				CURRENT_PROJECT_VERSION = 1;
				GENERATE_INFOPLIST_FILE = YES;
				MARKETING_VERSION = 1.0;
				PRODUCT_BUNDLE_IDENTIFIER = com.xetoz.yourserver.TSMBUITests;
				PRODUCT_NAME = "$(TARGET_NAME)";
				SWIFT_EMIT_LOC_STRINGS = NO;
				SWIFT_VERSION = 5.0;
				TARGETED_DEVICE_FAMILY = "1,2";
				TEST_TARGET_NAME = TSMB;
			};
			name = Debug;
		};
		EE1B94DB29214F23001F699E /* Release */ = {
			isa = XCBuildConfiguration;
			buildSettings = {
				ALWAYS_EMBED_SWIFT_STANDARD_LIBRARIES = YES;
				CODE_SIGN_STYLE = Automatic;
				CURRENT_PROJECT_VERSION = 1;
				GENERATE_INFOPLIST_FILE = YES;
				MARKETING_VERSION = 1.0;
				PRODUCT_BUNDLE_IDENTIFIER = com.xetoz.yourserver.TSMBUITests;
				PRODUCT_NAME = "$(TARGET_NAME)";
				SWIFT_EMIT_LOC_STRINGS = NO;
				SWIFT_VERSION = 5.0;
				TARGETED_DEVICE_FAMILY = "1,2";
				TEST_TARGET_NAME = TSMB;
			};
			name = Release;
		};
/* End XCBuildConfiguration section */

/* Begin XCConfigurationList section */
		EE1B94AA29214F22001F699E /* Build configuration list for PBXProject "TSMB" */ = {
			isa = XCConfigurationList;
			buildConfigurations = (
				EE1B94D129214F23001F699E /* Debug */,
				EE1B94D229214F23001F699E /* Release */,
			);
			defaultConfigurationIsVisible = 0;
			defaultConfigurationName = Release;
		};
		EE1B94D329214F23001F699E /* Build configuration list for PBXNativeTarget "TSMB" */ = {
			isa = XCConfigurationList;
			buildConfigurations = (
				EE1B94D429214F23001F699E /* Debug */,
				EE1B94D529214F23001F699E /* Release */,
			);
			defaultConfigurationIsVisible = 0;
			defaultConfigurationName = Release;
		};
		EE1B94D629214F23001F699E /* Build configuration list for PBXNativeTarget "TSMBTests" */ = {
			isa = XCConfigurationList;
			buildConfigurations = (
				EE1B94D729214F23001F699E /* Debug */,
				EE1B94D829214F23001F699E /* Release */,
			);
			defaultConfigurationIsVisible = 0;
			defaultConfigurationName = Release;
		};
		EE1B94D929214F23001F699E /* Build configuration list for PBXNativeTarget "TSMBUITests" */ = {
			isa = XCConfigurationList;
			buildConfigurations = (
				EE1B94DA29214F23001F699E /* Debug */,
				EE1B94DB29214F23001F699E /* Release */,
			);
			defaultConfigurationIsVisible = 0;
			defaultConfigurationName = Release;
		};
/* End XCConfigurationList section */
	};
	rootObject = EE1B94A729214F22001F699E /* Project object */;
}
